
Microsoft Visual Studio Solution File, Format Version 12.00
# Visual Studio Version 16
VisualStudioVersion = 16.0.30804.86
MinimumVisualStudioVersion = 10.0.40219.1
Project("{9A19103F-16F7-4668-BE54-9A1E7A4F7556}") = "wbase59", "wbase59.csproj", "{7FDED841-010F-4CAE-8A25-04D20B903458}"
EndProject
Project("{FAE04EC0-301F-11D3-BF4B-00C04F79EFBC}") = "test", "..\test\test.csproj", "{DEABA25A-26F5-460D-8B9C-91C2B8509A8C}"
EndProject
Global
	GlobalSection(SolutionConfigurationPlatforms) = preSolution
		Debug|Any CPU = Debug|Any CPU
		Release|Any CPU = Release|Any CPU
	EndGlobalSection
	GlobalSection(ProjectConfigurationPlatforms) = postSolution
		{7FDED841-010F-4CAE-8A25-04D20B903458}.Debug|Any CPU.ActiveCfg = Debug|Any CPU
		{7FDED841-010F-4CAE-8A25-04D20B903458}.Debug|Any CPU.Build.0 = Debug|Any CPU
		{7FDED841-010F-4CAE-8A25-04D20B903458}.Release|Any CPU.ActiveCfg = Release|Any CPU
		{7FDED841-010F-4CAE-8A25-04D20B903458}.Release|Any CPU.Build.0 = Release|Any CPU
		{DEABA25A-26F5-460D-8B9C-91C2B8509A8C}.Debug|Any CPU.ActiveCfg = Debug|Any CPU
		{DEABA25A-26F5-460D-8B9C-91C2B8509A8C}.Debug|Any CPU.Build.0 = Debug|Any CPU
		{DEABA25A-26F5-460D-8B9C-91C2B8509A8C}.Release|Any CPU.ActiveCfg = Release|Any CPU
		{DEABA25A-26F5-460D-8B9C-91C2B8509A8C}.Release|Any CPU.Build.0 = Release|Any CPU
	EndGlobalSection
	GlobalSection(SolutionProperties) = preSolution
		HideSolutionNode = FALSE
	EndGlobalSection
	GlobalSection(ExtensibilityGlobals) = postSolution
		SolutionGuid = {FEE0B7E1-BD2B-42B9-B885-0FD8B9B3DE32}
	EndGlobalSection
EndGlobal
